
Microsoft Visual Studio Solution File, Format Version 12.00
# Visual Studio Version 17
VisualStudioVersion = 17.10.35027.167
MinimumVisualStudioVersion = 10.0.40219.1
Project("{8BC9CEB8-8B4A-11D0-8D11-00A0C91BC942}") = "Time", "ConsoleApplication1\ConsoleApplication1.vcxproj", "{32B947B3-4847-4BDF-BA07-EEE2D254BD35}"
EndProject
Project("{8BC9CEB8-8B4A-11D0-8D11-00A0C91BC942}") = "Sorting", "Sorting\Sorting.vcxproj", "{D558700D-3AA5-48D0-9AAF-B7C212EE1F59}"
EndProject
Global
	GlobalSection(SolutionConfigurationPlatforms) = preSolution
		Debug|x64 = Debug|x64
		Debug|x86 = Debug|x86
		Release|x64 = Release|x64
		Release|x86 = Release|x86
	EndGlobalSection
	GlobalSection(ProjectConfigurationPlatforms) = postSolution
		{32B947B3-4847-4BDF-BA07-EEE2D254BD35}.Debug|x64.ActiveCfg = Debug|x64
		{32B947B3-4847-4BDF-BA07-EEE2D254BD35}.Debug|x64.Build.0 = Debug|x64
		{32B947B3-4847-4BDF-BA07-EEE2D254BD35}.Debug|x86.ActiveCfg = Debug|Win32
		{32B947B3-4847-4BDF-BA07-EEE2D254BD35}.Debug|x86.Build.0 = Debug|Win32
		{32B947B3-4847-4BDF-BA07-EEE2D254BD35}.Release|x64.ActiveCfg = Release|x64
		{32B947B3-4847-4BDF-BA07-EEE2D254BD35}.Release|x64.Build.0 = Release|x64
		{32B947B3-4847-4BDF-BA07-EEE2D254BD35}.Release|x86.ActiveCfg = Release|Win32
		{32B947B3-4847-4BDF-BA07-EEE2D254BD35}.Release|x86.Build.0 = Release|Win32
		{D558700D-3AA5-48D0-9AAF-B7C212EE1F59}.Debug|x64.ActiveCfg = Debug|x64
		{D558700D-3AA5-48D0-9AAF-B7C212EE1F59}.Debug|x64.Build.0 = Debug|x64
		{D558700D-3AA5-48D0-9AAF-B7C212EE1F59}.Debug|x86.ActiveCfg = Debug|Win32
		{D558700D-3AA5-48D0-9AAF-B7C212EE1F59}.Debug|x86.Build.0 = Debug|Win32
		{D558700D-3AA5-48D0-9AAF-B7C212EE1F59}.Release|x64.ActiveCfg = Release|x64
		{D558700D-3AA5-48D0-9AAF-B7C212EE1F59}.Release|x64.Build.0 = Release|x64
		{D558700D-3AA5-48D0-9AAF-B7C212EE1F59}.Release|x86.ActiveCfg = Release|Win32
		{D558700D-3AA5-48D0-9AAF-B7C212EE1F59}.Release|x86.Build.0 = Release|Win32
	EndGlobalSection
	GlobalSection(SolutionProperties) = preSolution
		HideSolutionNode = FALSE
	EndGlobalSection
	GlobalSection(ExtensibilityGlobals) = postSolution
		SolutionGuid = {11CC84C5-462E-4E1B-98DA-E1A075F1BD75}
	EndGlobalSection
EndGlobal
